
Microsoft Visual Studio Solution File, Format Version 12.00
# Visual Studio 15
VisualStudioVersion = 15.0.27428.2027
MinimumVisualStudioVersion = 10.0.40219.1
Project("{8BC9CEB8-8B4A-11D0-8D11-00A0C91BC942}") = "PasswordManager", "PasswordManager\PasswordManager.vcxproj", "{CDD99EFA-1F65-4682-BE28-9F41723F388E}"
EndProject
Project("{8BC9CEB8-8B4A-11D0-8D11-00A0C91BC942}") = "checkhaveibeenpwned", "checkhaveibeenpwned\checkhaveibeenpwned.vcxproj", "{41C79C25-9703-4DDF-B864-BB0792892C40}"
EndProject
Project("{8BC9CEB8-8B4A-11D0-8D11-00A0C91BC942}") = "pswdgen", "pswdgen\pswdgen.vcxproj", "{C5D35765-D3B3-4B7F-A639-EBB00FD076EB}"
EndProject
Global
	GlobalSection(SolutionConfigurationPlatforms) = preSolution
		Debug|x64 = Debug|x64
		Release|x64 = Release|x64
	EndGlobalSection
	GlobalSection(ProjectConfigurationPlatforms) = postSolution
		{CDD99EFA-1F65-4682-BE28-9F41723F388E}.Debug|x64.ActiveCfg = Debug|x64
		{CDD99EFA-1F65-4682-BE28-9F41723F388E}.Debug|x64.Build.0 = Debug|x64
		{CDD99EFA-1F65-4682-BE28-9F41723F388E}.Release|x64.ActiveCfg = Release|x64
		{CDD99EFA-1F65-4682-BE28-9F41723F388E}.Release|x64.Build.0 = Release|x64
		{41C79C25-9703-4DDF-B864-BB0792892C40}.Debug|x64.ActiveCfg = Debug|x64
		{41C79C25-9703-4DDF-B864-BB0792892C40}.Debug|x64.Build.0 = Debug|x64
		{41C79C25-9703-4DDF-B864-BB0792892C40}.Release|x64.ActiveCfg = Release|x64
		{41C79C25-9703-4DDF-B864-BB0792892C40}.Release|x64.Build.0 = Release|x64
		{C5D35765-D3B3-4B7F-A639-EBB00FD076EB}.Debug|x64.ActiveCfg = Debug|x64
		{C5D35765-D3B3-4B7F-A639-EBB00FD076EB}.Debug|x64.Build.0 = Debug|x64
		{C5D35765-D3B3-4B7F-A639-EBB00FD076EB}.Release|x64.ActiveCfg = Release|x64
		{C5D35765-D3B3-4B7F-A639-EBB00FD076EB}.Release|x64.Build.0 = Release|x64
	EndGlobalSection
	GlobalSection(SolutionProperties) = preSolution
		HideSolutionNode = FALSE
	EndGlobalSection
	GlobalSection(ExtensibilityGlobals) = postSolution
		SolutionGuid = {D106C510-A5B5-4496-B4DF-5802F084AC04}
	EndGlobalSection
EndGlobal
