
Microsoft Visual Studio Solution File, Format Version 12.00
# Visual Studio Version 16
VisualStudioVersion = 16.0.31729.503
MinimumVisualStudioVersion = 10.0.40219.1
Project("{8BC9CEB8-8B4A-11D0-8D11-00A0C91BC942}") = "PasswordManager", "PasswordManager\PasswordManager.vcxproj", "{454C28D7-5D42-4E9D-8D9E-84247B424511}"
	ProjectSection(ProjectDependencies) = postProject
		{5F0F7B56-97A8-473A-AA8F-3434F7D3EE62} = {5F0F7B56-97A8-473A-AA8F-3434F7D3EE62}
		{C5D35765-D3B3-4B7F-A639-EBB00FD076EB} = {C5D35765-D3B3-4B7F-A639-EBB00FD076EB}
		{FF14A1B6-57FD-449A-88DF-45EFA1D5FC5A} = {FF14A1B6-57FD-449A-88DF-45EFA1D5FC5A}
	EndProjectSection
EndProject
Project("{8BC9CEB8-8B4A-11D0-8D11-00A0C91BC942}") = "checkhaveibeenpwned", "checkhaveibeenpwned\checkhaveibeenpwned.vcxproj", "{41C79C25-9703-4DDF-B864-BB0792892C40}"
EndProject
Project("{8BC9CEB8-8B4A-11D0-8D11-00A0C91BC942}") = "pswdgen", "pswdgen\pswdgen.vcxproj", "{C5D35765-D3B3-4B7F-A639-EBB00FD076EB}"
	ProjectSection(ProjectDependencies) = postProject
		{5F0F7B56-97A8-473A-AA8F-3434F7D3EE62} = {5F0F7B56-97A8-473A-AA8F-3434F7D3EE62}
		{FF14A1B6-57FD-449A-88DF-45EFA1D5FC5A} = {FF14A1B6-57FD-449A-88DF-45EFA1D5FC5A}
	EndProjectSection
EndProject
Project("{8BC9CEB8-8B4A-11D0-8D11-00A0C91BC942}") = "pswdgen_dll", "pswdgen_dll\pswdgen_dll.vcxproj", "{5F0F7B56-97A8-473A-AA8F-3434F7D3EE62}"
	ProjectSection(ProjectDependencies) = postProject
		{FF14A1B6-57FD-449A-88DF-45EFA1D5FC5A} = {FF14A1B6-57FD-449A-88DF-45EFA1D5FC5A}
	EndProjectSection
EndProject
Project("{8BC9CEB8-8B4A-11D0-8D11-00A0C91BC942}") = "pswdgen_idl", "pswdgen_idl\pswdgen_idl.vcxproj", "{FF14A1B6-57FD-449A-88DF-45EFA1D5FC5A}"
EndProject
Global
	GlobalSection(SolutionConfigurationPlatforms) = preSolution
		Debug|x64 = Debug|x64
		Debug|x86 = Debug|x86
		Release|x64 = Release|x64
		Release|x86 = Release|x86
	EndGlobalSection
	GlobalSection(ProjectConfigurationPlatforms) = postSolution
		{454C28D7-5D42-4E9D-8D9E-84247B424511}.Debug|x64.ActiveCfg = Debug|x64
		{454C28D7-5D42-4E9D-8D9E-84247B424511}.Debug|x64.Build.0 = Debug|x64
		{454C28D7-5D42-4E9D-8D9E-84247B424511}.Debug|x86.ActiveCfg = Debug|Win32
		{454C28D7-5D42-4E9D-8D9E-84247B424511}.Debug|x86.Build.0 = Debug|Win32
		{454C28D7-5D42-4E9D-8D9E-84247B424511}.Release|x64.ActiveCfg = Release|x64
		{454C28D7-5D42-4E9D-8D9E-84247B424511}.Release|x64.Build.0 = Release|x64
		{454C28D7-5D42-4E9D-8D9E-84247B424511}.Release|x86.ActiveCfg = Release|Win32
		{454C28D7-5D42-4E9D-8D9E-84247B424511}.Release|x86.Build.0 = Release|Win32
		{41C79C25-9703-4DDF-B864-BB0792892C40}.Debug|x64.ActiveCfg = Debug|x64
		{41C79C25-9703-4DDF-B864-BB0792892C40}.Debug|x64.Build.0 = Debug|x64
		{41C79C25-9703-4DDF-B864-BB0792892C40}.Debug|x86.ActiveCfg = Debug|Win32
		{41C79C25-9703-4DDF-B864-BB0792892C40}.Debug|x86.Build.0 = Debug|Win32
		{41C79C25-9703-4DDF-B864-BB0792892C40}.Release|x64.ActiveCfg = Release|x64
		{41C79C25-9703-4DDF-B864-BB0792892C40}.Release|x64.Build.0 = Release|x64
		{41C79C25-9703-4DDF-B864-BB0792892C40}.Release|x86.ActiveCfg = Release|Win32
		{41C79C25-9703-4DDF-B864-BB0792892C40}.Release|x86.Build.0 = Release|Win32
		{C5D35765-D3B3-4B7F-A639-EBB00FD076EB}.Debug|x64.ActiveCfg = Debug|x64
		{C5D35765-D3B3-4B7F-A639-EBB00FD076EB}.Debug|x64.Build.0 = Debug|x64
		{C5D35765-D3B3-4B7F-A639-EBB00FD076EB}.Debug|x86.ActiveCfg = Debug|Win32
		{C5D35765-D3B3-4B7F-A639-EBB00FD076EB}.Debug|x86.Build.0 = Debug|Win32
		{C5D35765-D3B3-4B7F-A639-EBB00FD076EB}.Release|x64.ActiveCfg = Release|x64
		{C5D35765-D3B3-4B7F-A639-EBB00FD076EB}.Release|x64.Build.0 = Release|x64
		{C5D35765-D3B3-4B7F-A639-EBB00FD076EB}.Release|x86.ActiveCfg = Release|Win32
		{C5D35765-D3B3-4B7F-A639-EBB00FD076EB}.Release|x86.Build.0 = Release|Win32
		{5F0F7B56-97A8-473A-AA8F-3434F7D3EE62}.Debug|x64.ActiveCfg = Debug|x64
		{5F0F7B56-97A8-473A-AA8F-3434F7D3EE62}.Debug|x64.Build.0 = Debug|x64
		{5F0F7B56-97A8-473A-AA8F-3434F7D3EE62}.Debug|x86.ActiveCfg = Debug|Win32
		{5F0F7B56-97A8-473A-AA8F-3434F7D3EE62}.Debug|x86.Build.0 = Debug|Win32
		{5F0F7B56-97A8-473A-AA8F-3434F7D3EE62}.Release|x64.ActiveCfg = Release|x64
		{5F0F7B56-97A8-473A-AA8F-3434F7D3EE62}.Release|x64.Build.0 = Release|x64
		{5F0F7B56-97A8-473A-AA8F-3434F7D3EE62}.Release|x86.ActiveCfg = Release|Win32
		{5F0F7B56-97A8-473A-AA8F-3434F7D3EE62}.Release|x86.Build.0 = Release|Win32
		{FF14A1B6-57FD-449A-88DF-45EFA1D5FC5A}.Debug|x64.ActiveCfg = Debug|x64
		{FF14A1B6-57FD-449A-88DF-45EFA1D5FC5A}.Debug|x64.Build.0 = Debug|x64
		{FF14A1B6-57FD-449A-88DF-45EFA1D5FC5A}.Debug|x86.ActiveCfg = Debug|Win32
		{FF14A1B6-57FD-449A-88DF-45EFA1D5FC5A}.Debug|x86.Build.0 = Debug|Win32
		{FF14A1B6-57FD-449A-88DF-45EFA1D5FC5A}.Release|x64.ActiveCfg = Release|x64
		{FF14A1B6-57FD-449A-88DF-45EFA1D5FC5A}.Release|x64.Build.0 = Release|x64
		{FF14A1B6-57FD-449A-88DF-45EFA1D5FC5A}.Release|x86.ActiveCfg = Release|Win32
		{FF14A1B6-57FD-449A-88DF-45EFA1D5FC5A}.Release|x86.Build.0 = Release|Win32
	EndGlobalSection
	GlobalSection(SolutionProperties) = preSolution
		HideSolutionNode = FALSE
	EndGlobalSection
	GlobalSection(ExtensibilityGlobals) = postSolution
		SolutionGuid = {D106C510-A5B5-4496-B4DF-5802F084AC04}
	EndGlobalSection
EndGlobal
